// !$*UTF8*$!
{
	archiveVersion = 1;
	classes = {
	};
	objectVersion = 50;
	objects = {

/* Begin PBXBuildFile section */
		668E860A239F567900060AD8 /* Readme.md in Resources */ = {isa = PBXBuildFile; fileRef = 668E8609239F567900060AD8 /* Readme.md */; };
		6693E6F2239E64EA009B0B9B /* AppDelegate.swift in Sources */ = {isa = PBXBuildFile; fileRef = 6693E6F1239E64EA009B0B9B /* AppDelegate.swift */; };
		6693E6F4239E64EA009B0B9B /* SceneDelegate.swift in Sources */ = {isa = PBXBuildFile; fileRef = 6693E6F3239E64EA009B0B9B /* SceneDelegate.swift */; };
		6693E6F6239E64EA009B0B9B /* ContentView.swift in Sources */ = {isa = PBXBuildFile; fileRef = 6693E6F5239E64EA009B0B9B /* ContentView.swift */; };
		6693E6F8239E64EB009B0B9B /* Assets.xcassets in Resources */ = {isa = PBXBuildFile; fileRef = 6693E6F7239E64EB009B0B9B /* Assets.xcassets */; };
		6693E6FB239E64EB009B0B9B /* Preview Assets.xcassets in Resources */ = {isa = PBXBuildFile; fileRef = 6693E6FA239E64EB009B0B9B /* Preview Assets.xcassets */; };
		6693E6FE239E64EB009B0B9B /* LaunchScreen.storyboard in Resources */ = {isa = PBXBuildFile; fileRef = 6693E6FC239E64EB009B0B9B /* LaunchScreen.storyboard */; };
		6693E709239E64EB009B0B9B /* RaySwiftUiTests.swift in Sources */ = {isa = PBXBuildFile; fileRef = 6693E708239E64EB009B0B9B /* RaySwiftUiTests.swift */; };
		6693E714239E64EB009B0B9B /* RaySwiftUiUITests.swift in Sources */ = {isa = PBXBuildFile; fileRef = 6693E713239E64EB009B0B9B /* RaySwiftUiUITests.swift */; };
/* End PBXBuildFile section */

/* Begin PBXContainerItemProxy section */
		6693E705239E64EB009B0B9B /* PBXContainerItemProxy */ = {
			isa = PBXContainerItemProxy;
			containerPortal = 6693E6E6239E64EA009B0B9B /* Project object */;
			proxyType = 1;
			remoteGlobalIDString = 6693E6ED239E64EA009B0B9B;
			remoteInfo = RaySwiftUi;
		};
		6693E710239E64EB009B0B9B /* PBXContainerItemProxy */ = {
			isa = PBXContainerItemProxy;
			containerPortal = 6693E6E6239E64EA009B0B9B /* Project object */;
			proxyType = 1;
			remoteGlobalIDString = 6693E6ED239E64EA009B0B9B;
			remoteInfo = RaySwiftUi;
		};
/* End PBXContainerItemProxy section */

/* Begin PBXFileReference section */
		668E8609239F567900060AD8 /* Readme.md */ = {isa = PBXFileReference; lastKnownFileType = net.daringfireball.markdown; path = Readme.md; sourceTree = "<group>"; };
		6693E6EE239E64EA009B0B9B /* RaySwiftUi.app */ = {isa = PBXFileReference; explicitFileType = wrapper.application; includeInIndex = 0; path = RaySwiftUi.app; sourceTree = BUILT_PRODUCTS_DIR; };
		6693E6F1239E64EA009B0B9B /* AppDelegate.swift */ = {isa = PBXFileReference; lastKnownFileType = sourcecode.swift; path = AppDelegate.swift; sourceTree = "<group>"; };
		6693E6F3239E64EA009B0B9B /* SceneDelegate.swift */ = {isa = PBXFileReference; lastKnownFileType = sourcecode.swift; path = SceneDelegate.swift; sourceTree = "<group>"; };
		6693E6F5239E64EA009B0B9B /* ContentView.swift */ = {isa = PBXFileReference; lastKnownFileType = sourcecode.swift; path = ContentView.swift; sourceTree = "<group>"; };
		6693E6F7239E64EB009B0B9B /* Assets.xcassets */ = {isa = PBXFileReference; lastKnownFileType = folder.assetcatalog; path = Assets.xcassets; sourceTree = "<group>"; };
		6693E6FA239E64EB009B0B9B /* Preview Assets.xcassets */ = {isa = PBXFileReference; lastKnownFileType = folder.assetcatalog; path = "Preview Assets.xcassets"; sourceTree = "<group>"; };
		6693E6FD239E64EB009B0B9B /* Base */ = {isa = PBXFileReference; lastKnownFileType = file.storyboard; name = Base; path = Base.lproj/LaunchScreen.storyboard; sourceTree = "<group>"; };
		6693E6FF239E64EB009B0B9B /* Info.plist */ = {isa = PBXFileReference; lastKnownFileType = text.plist.xml; path = Info.plist; sourceTree = "<group>"; };
		6693E704239E64EB009B0B9B /* RaySwiftUiTests.xctest */ = {isa = PBXFileReference; explicitFileType = wrapper.cfbundle; includeInIndex = 0; path = RaySwiftUiTests.xctest; sourceTree = BUILT_PRODUCTS_DIR; };
		6693E708239E64EB009B0B9B /* RaySwiftUiTests.swift */ = {isa = PBXFileReference; lastKnownFileType = sourcecode.swift; path = RaySwiftUiTests.swift; sourceTree = "<group>"; };
		6693E70A239E64EB009B0B9B /* Info.plist */ = {isa = PBXFileReference; lastKnownFileType = text.plist.xml; path = Info.plist; sourceTree = "<group>"; };
		6693E70F239E64EB009B0B9B /* RaySwiftUiUITests.xctest */ = {isa = PBXFileReference; explicitFileType = wrapper.cfbundle; includeInIndex = 0; path = RaySwiftUiUITests.xctest; sourceTree = BUILT_PRODUCTS_DIR; };
		6693E713239E64EB009B0B9B /* RaySwiftUiUITests.swift */ = {isa = PBXFileReference; lastKnownFileType = sourcecode.swift; path = RaySwiftUiUITests.swift; sourceTree = "<group>"; };
		6693E715239E64EB009B0B9B /* Info.plist */ = {isa = PBXFileReference; lastKnownFileType = text.plist.xml; path = Info.plist; sourceTree = "<group>"; };
/* End PBXFileReference section */

/* Begin PBXFrameworksBuildPhase section */
		6693E6EB239E64EA009B0B9B /* Frameworks */ = {
			isa = PBXFrameworksBuildPhase;
			buildActionMask = 2147483647;
			files = (
			);
			runOnlyForDeploymentPostprocessing = 0;
		};
		6693E701239E64EB009B0B9B /* Frameworks */ = {
			isa = PBXFrameworksBuildPhase;
			buildActionMask = 2147483647;
			files = (
			);
			runOnlyForDeploymentPostprocessing = 0;
		};
		6693E70C239E64EB009B0B9B /* Frameworks */ = {
			isa = PBXFrameworksBuildPhase;
			buildActionMask = 2147483647;
			files = (
			);
			runOnlyForDeploymentPostprocessing = 0;
		};
/* End PBXFrameworksBuildPhase section */

/* Begin PBXGroup section */
		6693E6E5239E64EA009B0B9B = {
			isa = PBXGroup;
			children = (
				6693E6F0239E64EA009B0B9B /* RaySwiftUi */,
				6693E707239E64EB009B0B9B /* RaySwiftUiTests */,
				6693E712239E64EB009B0B9B /* RaySwiftUiUITests */,
				6693E6EF239E64EA009B0B9B /* Products */,
			);
			sourceTree = "<group>";
		};
		6693E6EF239E64EA009B0B9B /* Products */ = {
			isa = PBXGroup;
			children = (
				6693E6EE239E64EA009B0B9B /* RaySwiftUi.app */,
				6693E704239E64EB009B0B9B /* RaySwiftUiTests.xctest */,
				6693E70F239E64EB009B0B9B /* RaySwiftUiUITests.xctest */,
			);
			name = Products;
			sourceTree = "<group>";
		};
		6693E6F0239E64EA009B0B9B /* RaySwiftUi */ = {
			isa = PBXGroup;
			children = (
				6693E6F1239E64EA009B0B9B /* AppDelegate.swift */,
				6693E6F3239E64EA009B0B9B /* SceneDelegate.swift */,
				6693E6F5239E64EA009B0B9B /* ContentView.swift */,
				668E8609239F567900060AD8 /* Readme.md */,
				6693E6F7239E64EB009B0B9B /* Assets.xcassets */,
				6693E6FC239E64EB009B0B9B /* LaunchScreen.storyboard */,
				6693E6FF239E64EB009B0B9B /* Info.plist */,
				6693E6F9239E64EB009B0B9B /* Preview Content */,
			);
			path = RaySwiftUi;
			sourceTree = "<group>";
		};
		6693E6F9239E64EB009B0B9B /* Preview Content */ = {
			isa = PBXGroup;
			children = (
				6693E6FA239E64EB009B0B9B /* Preview Assets.xcassets */,
			);
			path = "Preview Content";
			sourceTree = "<group>";
		};
		6693E707239E64EB009B0B9B /* RaySwiftUiTests */ = {
			isa = PBXGroup;
			children = (
				6693E708239E64EB009B0B9B /* RaySwiftUiTests.swift */,
				6693E70A239E64EB009B0B9B /* Info.plist */,
			);
			path = RaySwiftUiTests;
			sourceTree = "<group>";
		};
		6693E712239E64EB009B0B9B /* RaySwiftUiUITests */ = {
			isa = PBXGroup;
			children = (
				6693E713239E64EB009B0B9B /* RaySwiftUiUITests.swift */,
				6693E715239E64EB009B0B9B /* Info.plist */,
			);
			path = RaySwiftUiUITests;
			sourceTree = "<group>";
		};
/* End PBXGroup section */

/* Begin PBXNativeTarget section */
		6693E6ED239E64EA009B0B9B /* RaySwiftUi */ = {
			isa = PBXNativeTarget;
			buildConfigurationList = 6693E718239E64EB009B0B9B /* Build configuration list for PBXNativeTarget "RaySwiftUi" */;
			buildPhases = (
				6693E6EA239E64EA009B0B9B /* Sources */,
				6693E6EB239E64EA009B0B9B /* Frameworks */,
				6693E6EC239E64EA009B0B9B /* Resources */,
			);
			buildRules = (
			);
			dependencies = (
			);
			name = RaySwiftUi;
			productName = RaySwiftUi;
			productReference = 6693E6EE239E64EA009B0B9B /* RaySwiftUi.app */;
			productType = "com.apple.product-type.application";
		};
		6693E703239E64EB009B0B9B /* RaySwiftUiTests */ = {
			isa = PBXNativeTarget;
			buildConfigurationList = 6693E71B239E64EB009B0B9B /* Build configuration list for PBXNativeTarget "RaySwiftUiTests" */;
			buildPhases = (
				6693E700239E64EB009B0B9B /* Sources */,
				6693E701239E64EB009B0B9B /* Frameworks */,
				6693E702239E64EB009B0B9B /* Resources */,
			);
			buildRules = (
			);
			dependencies = (
				6693E706239E64EB009B0B9B /* PBXTargetDependency */,
			);
			name = RaySwiftUiTests;
			productName = RaySwiftUiTests;
			productReference = 6693E704239E64EB009B0B9B /* RaySwiftUiTests.xctest */;
			productType = "com.apple.product-type.bundle.unit-test";
		};
		6693E70E239E64EB009B0B9B /* RaySwiftUiUITests */ = {
			isa = PBXNativeTarget;
			buildConfigurationList = 6693E71E239E64EB009B0B9B /* Build configuration list for PBXNativeTarget "RaySwiftUiUITests" */;
			buildPhases = (
				6693E70B239E64EB009B0B9B /* Sources */,
				6693E70C239E64EB009B0B9B /* Frameworks */,
				6693E70D239E64EB009B0B9B /* Resources */,
			);
			buildRules = (
			);
			dependencies = (
				6693E711239E64EB009B0B9B /* PBXTargetDependency */,
			);
			name = RaySwiftUiUITests;
			productName = RaySwiftUiUITests;
			productReference = 6693E70F239E64EB009B0B9B /* RaySwiftUiUITests.xctest */;
			productType = "com.apple.product-type.bundle.ui-testing";
		};
/* End PBXNativeTarget section */

/* Begin PBXProject section */
		6693E6E6239E64EA009B0B9B /* Project object */ = {
			isa = PBXProject;
			attributes = {
				LastSwiftUpdateCheck = 1120;
				LastUpgradeCheck = 1120;
				ORGANIZATIONNAME = "Shinto Joseph";
				TargetAttributes = {
					6693E6ED239E64EA009B0B9B = {
						CreatedOnToolsVersion = 11.2.1;
					};
					6693E703239E64EB009B0B9B = {
						CreatedOnToolsVersion = 11.2.1;
						TestTargetID = 6693E6ED239E64EA009B0B9B;
					};
					6693E70E239E64EB009B0B9B = {
						CreatedOnToolsVersion = 11.2.1;
						TestTargetID = 6693E6ED239E64EA009B0B9B;
					};
				};
			};
			buildConfigurationList = 6693E6E9239E64EA009B0B9B /* Build configuration list for PBXProject "RaySwiftUi" */;
			compatibilityVersion = "Xcode 9.3";
			developmentRegion = en;
			hasScannedForEncodings = 0;
			knownRegions = (
				en,
				Base,
			);
			mainGroup = 6693E6E5239E64EA009B0B9B;
			productRefGroup = 6693E6EF239E64EA009B0B9B /* Products */;
			projectDirPath = "";
			projectRoot = "";
			targets = (
				6693E6ED239E64EA009B0B9B /* RaySwiftUi */,
				6693E703239E64EB009B0B9B /* RaySwiftUiTests */,
				6693E70E239E64EB009B0B9B /* RaySwiftUiUITests */,
			);
		};
/* End PBXProject section */

/* Begin PBXResourcesBuildPhase section */
		6693E6EC239E64EA009B0B9B /* Resources */ = {
			isa = PBXResourcesBuildPhase;
			buildActionMask = 2147483647;
			files = (
				6693E6FE239E64EB009B0B9B /* LaunchScreen.storyboard in Resources */,
				6693E6FB239E64EB009B0B9B /* Preview Assets.xcassets in Resources */,
				668E860A239F567900060AD8 /* Readme.md in Resources */,
				6693E6F8239E64EB009B0B9B /* Assets.xcassets in Resources */,
			);
			runOnlyForDeploymentPostprocessing = 0;
		};
		6693E702239E64EB009B0B9B /* Resources */ = {
			isa = PBXResourcesBuildPhase;
			buildActionMask = 2147483647;
			files = (
			);
			runOnlyForDeploymentPostprocessing = 0;
		};
		6693E70D239E64EB009B0B9B /* Resources */ = {
			isa = PBXResourcesBuildPhase;
			buildActionMask = 2147483647;
			files = (
			);
			runOnlyForDeploymentPostprocessing = 0;
		};
/* End PBXResourcesBuildPhase section */

/* Begin PBXSourcesBuildPhase section */
		6693E6EA239E64EA009B0B9B /* Sources */ = {
			isa = PBXSourcesBuildPhase;
			buildActionMask = 2147483647;
			files = (
				6693E6F2239E64EA009B0B9B /* AppDelegate.swift in Sources */,
				6693E6F4239E64EA009B0B9B /* SceneDelegate.swift in Sources */,
				6693E6F6239E64EA009B0B9B /* ContentView.swift in Sources */,
			);
			runOnlyForDeploymentPostprocessing = 0;
		};
		6693E700239E64EB009B0B9B /* Sources */ = {
			isa = PBXSourcesBuildPhase;
			buildActionMask = 2147483647;
			files = (
				6693E709239E64EB009B0B9B /* RaySwiftUiTests.swift in Sources */,
			);
			runOnlyForDeploymentPostprocessing = 0;
		};
		6693E70B239E64EB009B0B9B /* Sources */ = {
			isa = PBXSourcesBuildPhase;
			buildActionMask = 2147483647;
			files = (
				6693E714239E64EB009B0B9B /* RaySwiftUiUITests.swift in Sources */,
			);
			runOnlyForDeploymentPostprocessing = 0;
		};
/* End PBXSourcesBuildPhase section */

/* Begin PBXTargetDependency section */
		6693E706239E64EB009B0B9B /* PBXTargetDependency */ = {
			isa = PBXTargetDependency;
			target = 6693E6ED239E64EA009B0B9B /* RaySwiftUi */;
			targetProxy = 6693E705239E64EB009B0B9B /* PBXContainerItemProxy */;
		};
		6693E711239E64EB009B0B9B /* PBXTargetDependency */ = {
			isa = PBXTargetDependency;
			target = 6693E6ED239E64EA009B0B9B /* RaySwiftUi */;
			targetProxy = 6693E710239E64EB009B0B9B /* PBXContainerItemProxy */;
		};
/* End PBXTargetDependency section */

/* Begin PBXVariantGroup section */
		6693E6FC239E64EB009B0B9B /* LaunchScreen.storyboard */ = {
			isa = PBXVariantGroup;
			children = (
				6693E6FD239E64EB009B0B9B /* Base */,
			);
			name = LaunchScreen.storyboard;
			sourceTree = "<group>";
		};
/* End PBXVariantGroup section */

/* Begin XCBuildConfiguration section */
		6693E716239E64EB009B0B9B /* Debug */ = {
			isa = XCBuildConfiguration;
			buildSettings = {
				ALWAYS_SEARCH_USER_PATHS = NO;
				CLANG_ANALYZER_NONNULL = YES;
				CLANG_ANALYZER_NUMBER_OBJECT_CONVERSION = YES_AGGRESSIVE;
				CLANG_CXX_LANGUAGE_STANDARD = "gnu++14";
				CLANG_CXX_LIBRARY = "libc++";
				CLANG_ENABLE_MODULES = YES;
				CLANG_ENABLE_OBJC_ARC = YES;
				CLANG_ENABLE_OBJC_WEAK = YES;
				CLANG_WARN_BLOCK_CAPTURE_AUTORELEASING = YES;
				CLANG_WARN_BOOL_CONVERSION = YES;
				CLANG_WARN_COMMA = YES;
				CLANG_WARN_CONSTANT_CONVERSION = YES;
				CLANG_WARN_DEPRECATED_OBJC_IMPLEMENTATIONS = YES;
				CLANG_WARN_DIRECT_OBJC_ISA_USAGE = YES_ERROR;
				CLANG_WARN_DOCUMENTATION_COMMENTS = YES;
				CLANG_WARN_EMPTY_BODY = YES;
				CLANG_WARN_ENUM_CONVERSION = YES;
				CLANG_WARN_INFINITE_RECURSION = YES;
				CLANG_WARN_INT_CONVERSION = YES;
				CLANG_WARN_NON_LITERAL_NULL_CONVERSION = YES;
				CLANG_WARN_OBJC_IMPLICIT_RETAIN_SELF = YES;
				CLANG_WARN_OBJC_LITERAL_CONVERSION = YES;
				CLANG_WARN_OBJC_ROOT_CLASS = YES_ERROR;
				CLANG_WARN_RANGE_LOOP_ANALYSIS = YES;
				CLANG_WARN_STRICT_PROTOTYPES = YES;
				CLANG_WARN_SUSPICIOUS_MOVE = YES;
				CLANG_WARN_UNGUARDED_AVAILABILITY = YES_AGGRESSIVE;
				CLANG_WARN_UNREACHABLE_CODE = YES;
				CLANG_WARN__DUPLICATE_METHOD_MATCH = YES;
				COPY_PHASE_STRIP = NO;
				DEBUG_INFORMATION_FORMAT = dwarf;
				ENABLE_STRICT_OBJC_MSGSEND = YES;
				ENABLE_TESTABILITY = YES;
				GCC_C_LANGUAGE_STANDARD = gnu11;
				GCC_DYNAMIC_NO_PIC = NO;
				GCC_NO_COMMON_BLOCKS = YES;
				GCC_OPTIMIZATION_LEVEL = 0;
				GCC_PREPROCESSOR_DEFINITIONS = (
					"DEBUG=1",
					"$(inherited)",
				);
				GCC_WARN_64_TO_32_BIT_CONVERSION = YES;
				GCC_WARN_ABOUT_RETURN_TYPE = YES_ERROR;
				GCC_WARN_UNDECLARED_SELECTOR = YES;
				GCC_WARN_UNINITIALIZED_AUTOS = YES_AGGRESSIVE;
				GCC_WARN_UNUSED_FUNCTION = YES;
				GCC_WARN_UNUSED_VARIABLE = YES;
				IPHONEOS_DEPLOYMENT_TARGET = 13.2;
				MTL_ENABLE_DEBUG_INFO = INCLUDE_SOURCE;
				MTL_FAST_MATH = YES;
				ONLY_ACTIVE_ARCH = YES;
				SDKROOT = iphoneos;
				SWIFT_ACTIVE_COMPILATION_CONDITIONS = DEBUG;
				SWIFT_OPTIMIZATION_LEVEL = "-Onone";
			};
			name = Debug;
		};
		6693E717239E64EB009B0B9B /* Release */ = {
			isa = XCBuildConfiguration;
			buildSettings = {
				ALWAYS_SEARCH_USER_PATHS = NO;
				CLANG_ANALYZER_NONNULL = YES;
				CLANG_ANALYZER_NUMBER_OBJECT_CONVERSION = YES_AGGRESSIVE;
				CLANG_CXX_LANGUAGE_STANDARD = "gnu++14";
				CLANG_CXX_LIBRARY = "libc++";
				CLANG_ENABLE_MODULES = YES;
				CLANG_ENABLE_OBJC_ARC = YES;
				CLANG_ENABLE_OBJC_WEAK = YES;
				CLANG_WARN_BLOCK_CAPTURE_AUTORELEASING = YES;
				CLANG_WARN_BOOL_CONVERSION = YES;
				CLANG_WARN_COMMA = YES;
				CLANG_WARN_CONSTANT_CONVERSION = YES;
				CLANG_WARN_DEPRECATED_OBJC_IMPLEMENTATIONS = YES;
				CLANG_WARN_DIRECT_OBJC_ISA_USAGE = YES_ERROR;
				CLANG_WARN_DOCUMENTATION_COMMENTS = YES;
				CLANG_WARN_EMPTY_BODY = YES;
				CLANG_WARN_ENUM_CONVERSION = YES;
				CLANG_WARN_INFINITE_RECURSION = YES;
				CLANG_WARN_INT_CONVERSION = YES;
				CLANG_WARN_NON_LITERAL_NULL_CONVERSION = YES;
				CLANG_WARN_OBJC_IMPLICIT_RETAIN_SELF = YES;
				CLANG_WARN_OBJC_LITERAL_CONVERSION = YES;
				CLANG_WARN_OBJC_ROOT_CLASS = YES_ERROR;
				CLANG_WARN_RANGE_LOOP_ANALYSIS = YES;
				CLANG_WARN_STRICT_PROTOTYPES = YES;
				CLANG_WARN_SUSPICIOUS_MOVE = YES;
				CLANG_WARN_UNGUARDED_AVAILABILITY = YES_AGGRESSIVE;
				CLANG_WARN_UNREACHABLE_CODE = YES;
				CLANG_WARN__DUPLICATE_METHOD_MATCH = YES;
				COPY_PHASE_STRIP = NO;
				DEBUG_INFORMATION_FORMAT = "dwarf-with-dsym";
				ENABLE_NS_ASSERTIONS = NO;
				ENABLE_STRICT_OBJC_MSGSEND = YES;
				GCC_C_LANGUAGE_STANDARD = gnu11;
				GCC_NO_COMMON_BLOCKS = YES;
				GCC_WARN_64_TO_32_BIT_CONVERSION = YES;
				GCC_WARN_ABOUT_RETURN_TYPE = YES_ERROR;
				GCC_WARN_UNDECLARED_SELECTOR = YES;
				GCC_WARN_UNINITIALIZED_AUTOS = YES_AGGRESSIVE;
				GCC_WARN_UNUSED_FUNCTION = YES;
				GCC_WARN_UNUSED_VARIABLE = YES;
				IPHONEOS_DEPLOYMENT_TARGET = 13.2;
				MTL_ENABLE_DEBUG_INFO = NO;
				MTL_FAST_MATH = YES;
				SDKROOT = iphoneos;
				SWIFT_COMPILATION_MODE = wholemodule;
				SWIFT_OPTIMIZATION_LEVEL = "-O";
				VALIDATE_PRODUCT = YES;
			};
			name = Release;
		};
		6693E719239E64EB009B0B9B /* Debug */ = {
			isa = XCBuildConfiguration;
			buildSettings = {
				ASSETCATALOG_COMPILER_APPICON_NAME = AppIcon;
				CODE_SIGN_STYLE = Automatic;
				DEVELOPMENT_ASSET_PATHS = "\"RaySwiftUi/Preview Content\"";
				ENABLE_PREVIEWS = YES;
				INFOPLIST_FILE = RaySwiftUi/Info.plist;
				LD_RUNPATH_SEARCH_PATHS = (
					"$(inherited)",
					"@executable_path/Frameworks",
				);
				PRODUCT_BUNDLE_IDENTIFIER = xyz.RaySwiftUi;
				PRODUCT_NAME = "$(TARGET_NAME)";
				SWIFT_VERSION = 5.0;
				TARGETED_DEVICE_FAMILY = "1,2";
			};
			name = Debug;
		};
		6693E71A239E64EB009B0B9B /* Release */ = {
			isa = XCBuildConfiguration;
			buildSettings = {
				ASSETCATALOG_COMPILER_APPICON_NAME = AppIcon;
				CODE_SIGN_STYLE = Automatic;
				DEVELOPMENT_ASSET_PATHS = "\"RaySwiftUi/Preview Content\"";
				ENABLE_PREVIEWS = YES;
				INFOPLIST_FILE = RaySwiftUi/Info.plist;
				LD_RUNPATH_SEARCH_PATHS = (
					"$(inherited)",
					"@executable_path/Frameworks",
				);
				PRODUCT_BUNDLE_IDENTIFIER = xyz.RaySwiftUi;
				PRODUCT_NAME = "$(TARGET_NAME)";
				SWIFT_VERSION = 5.0;
				TARGETED_DEVICE_FAMILY = "1,2";
			};
			name = Release;
		};
		6693E71C239E64EB009B0B9B /* Debug */ = {
			isa = XCBuildConfiguration;
			buildSettings = {
				ALWAYS_EMBED_SWIFT_STANDARD_LIBRARIES = YES;
				BUNDLE_LOADER = "$(TEST_HOST)";
				CODE_SIGN_STYLE = Automatic;
				INFOPLIST_FILE = RaySwiftUiTests/Info.plist;
				IPHONEOS_DEPLOYMENT_TARGET = 13.2;
				LD_RUNPATH_SEARCH_PATHS = (
					"$(inherited)",
					"@executable_path/Frameworks",
					"@loader_path/Frameworks",
				);
				PRODUCT_BUNDLE_IDENTIFIER = xyz.RaySwiftUiTests;
				PRODUCT_NAME = "$(TARGET_NAME)";
				SWIFT_VERSION = 5.0;
				TARGETED_DEVICE_FAMILY = "1,2";
				TEST_HOST = "$(BUILT_PRODUCTS_DIR)/RaySwiftUi.app/RaySwiftUi";
			};
			name = Debug;
		};
		6693E71D239E64EB009B0B9B /* Release */ = {
			isa = XCBuildConfiguration;
			buildSettings = {
				ALWAYS_EMBED_SWIFT_STANDARD_LIBRARIES = YES;
				BUNDLE_LOADER = "$(TEST_HOST)";
				CODE_SIGN_STYLE = Automatic;
				INFOPLIST_FILE = RaySwiftUiTests/Info.plist;
				IPHONEOS_DEPLOYMENT_TARGET = 13.2;
				LD_RUNPATH_SEARCH_PATHS = (
					"$(inherited)",
					"@executable_path/Frameworks",
					"@loader_path/Frameworks",
				);
				PRODUCT_BUNDLE_IDENTIFIER = xyz.RaySwiftUiTests;
				PRODUCT_NAME = "$(TARGET_NAME)";
				SWIFT_VERSION = 5.0;
				TARGETED_DEVICE_FAMILY = "1,2";
				TEST_HOST = "$(BUILT_PRODUCTS_DIR)/RaySwiftUi.app/RaySwiftUi";
			};
			name = Release;
		};
		6693E71F239E64EB009B0B9B /* Debug */ = {
			isa = XCBuildConfiguration;
			buildSettings = {
				ALWAYS_EMBED_SWIFT_STANDARD_LIBRARIES = YES;
				CODE_SIGN_STYLE = Automatic;
				INFOPLIST_FILE = RaySwiftUiUITests/Info.plist;
				LD_RUNPATH_SEARCH_PATHS = (
					"$(inherited)",
					"@executable_path/Frameworks",
					"@loader_path/Frameworks",
				);
				PRODUCT_BUNDLE_IDENTIFIER = xyz.RaySwiftUiUITests;
				PRODUCT_NAME = "$(TARGET_NAME)";
				SWIFT_VERSION = 5.0;
				TARGETED_DEVICE_FAMILY = "1,2";
				TEST_TARGET_NAME = RaySwiftUi;
			};
			name = Debug;
		};
		6693E720239E64EB009B0B9B /* Release */ = {
			isa = XCBuildConfiguration;
			buildSettings = {
				ALWAYS_EMBED_SWIFT_STANDARD_LIBRARIES = YES;
				CODE_SIGN_STYLE = Automatic;
				INFOPLIST_FILE = RaySwiftUiUITests/Info.plist;
				LD_RUNPATH_SEARCH_PATHS = (
					"$(inherited)",
					"@executable_path/Frameworks",
					"@loader_path/Frameworks",
				);
				PRODUCT_BUNDLE_IDENTIFIER = xyz.RaySwiftUiUITests;
				PRODUCT_NAME = "$(TARGET_NAME)";
				SWIFT_VERSION = 5.0;
				TARGETED_DEVICE_FAMILY = "1,2";
				TEST_TARGET_NAME = RaySwiftUi;
			};
			name = Release;
		};
/* End XCBuildConfiguration section */

/* Begin XCConfigurationList section */
		6693E6E9239E64EA009B0B9B /* Build configuration list for PBXProject "RaySwiftUi" */ = {
			isa = XCConfigurationList;
			buildConfigurations = (
				6693E716239E64EB009B0B9B /* Debug */,
				6693E717239E64EB009B0B9B /* Release */,
			);
			defaultConfigurationIsVisible = 0;
			defaultConfigurationName = Release;
		};
		6693E718239E64EB009B0B9B /* Build configuration list for PBXNativeTarget "RaySwiftUi" */ = {
			isa = XCConfigurationList;
			buildConfigurations = (
				6693E719239E64EB009B0B9B /* Debug */,
				6693E71A239E64EB009B0B9B /* Release */,
			);
			defaultConfigurationIsVisible = 0;
			defaultConfigurationName = Release;
		};
		6693E71B239E64EB009B0B9B /* Build configuration list for PBXNativeTarget "RaySwiftUiTests" */ = {
			isa = XCConfigurationList;
			buildConfigurations = (
				6693E71C239E64EB009B0B9B /* Debug */,
				6693E71D239E64EB009B0B9B /* Release */,
			);
			defaultConfigurationIsVisible = 0;
			defaultConfigurationName = Release;
		};
		6693E71E239E64EB009B0B9B /* Build configuration list for PBXNativeTarget "RaySwiftUiUITests" */ = {
			isa = XCConfigurationList;
			buildConfigurations = (
				6693E71F239E64EB009B0B9B /* Debug */,
				6693E720239E64EB009B0B9B /* Release */,
			);
			defaultConfigurationIsVisible = 0;
			defaultConfigurationName = Release;
		};
/* End XCConfigurationList section */
	};
	rootObject = 6693E6E6239E64EA009B0B9B /* Project object */;
}
